
Microsoft Visual Studio Solution File, Format Version 12.00
# Visual Studio Version 17
VisualStudioVersion = 17.3.32819.101
MinimumVisualStudioVersion = 10.0.40219.1
Project("{888888A0-9F3D-457C-B088-3A5042F75D52}") = "Fast", "Fast\Fast.pyproj", "{6409EDA0-E407-425B-80AF-03D437FEE86A}"
EndProject
Global
	GlobalSection(SolutionConfigurationPlatforms) = preSolution
		Debug|Any CPU = Debug|Any CPU
		Release|Any CPU = Release|Any CPU
	EndGlobalSection
	GlobalSection(ProjectConfigurationPlatforms) = postSolution
		{6409EDA0-E407-425B-80AF-03D437FEE86A}.Debug|Any CPU.ActiveCfg = Debug|Any CPU
		{6409EDA0-E407-425B-80AF-03D437FEE86A}.Release|Any CPU.ActiveCfg = Release|Any CPU
	EndGlobalSection
	GlobalSection(SolutionProperties) = preSolution
		HideSolutionNode = FALSE
	EndGlobalSection
	GlobalSection(ExtensibilityGlobals) = postSolution
		SolutionGuid = {AB9C5C1A-581F-4F7F-AC6B-24DFE116DE84}
	EndGlobalSection
EndGlobal
