
Microsoft Visual Studio Solution File, Format Version 12.00
# Visual Studio Version 17
VisualStudioVersion = 17.3.32819.101
MinimumVisualStudioVersion = 10.0.40219.1
Project("{888888A0-9F3D-457C-B088-3A5042F75D52}") = "PythonApplicationFasrAPI", "PythonApplicationFasrAPI\PythonApplicationFasrAPI.pyproj", "{F266B245-E492-43A5-99E2-2F63C9C66967}"
EndProject
Global
	GlobalSection(SolutionConfigurationPlatforms) = preSolution
		Debug|Any CPU = Debug|Any CPU
		Release|Any CPU = Release|Any CPU
	EndGlobalSection
	GlobalSection(ProjectConfigurationPlatforms) = postSolution
		{F266B245-E492-43A5-99E2-2F63C9C66967}.Debug|Any CPU.ActiveCfg = Debug|Any CPU
		{F266B245-E492-43A5-99E2-2F63C9C66967}.Release|Any CPU.ActiveCfg = Release|Any CPU
	EndGlobalSection
	GlobalSection(SolutionProperties) = preSolution
		HideSolutionNode = FALSE
	EndGlobalSection
	GlobalSection(ExtensibilityGlobals) = postSolution
		SolutionGuid = {D0CF18B5-3436-44BF-BBF1-2FB80A734621}
	EndGlobalSection
EndGlobal
